# THIS IS AN AUTOGENERATED FILE. DO NOT EDIT THIS FILE DIRECTLY.
# yarn lockfile v1


"@fortawesome/fontawesome-free@^5.15.2":
  "integrity" "sha512-7l/AX41m609L/EXI9EKH3Vs3v0iA8tKlIOGtw+kgcoanI7p+e4I4GYLqW3UXWiTnjSFymKSmTTPKYrivzbxxqA=="
  "resolved" "https://registry.npmjs.org/@fortawesome/fontawesome-free/-/fontawesome-free-5.15.2.tgz"
  "version" "5.15.2"

"@popperjs/core@^2.5.4", "@popperjs/core@^2.6.0":
  "integrity" "sha512-cPqjjzuFWNK3BSKLm0abspP0sp/IGOli4p5I5fKFAzdS8fvjdOwDCfZqAaIiXd9lPkOWi3SUUfZof3hEb7J/uw=="
  "resolved" "https://registry.npmjs.org/@popperjs/core/-/core-2.6.0.tgz"
  "version" "2.6.0"

"@types/jquery@^3.5.5":
  "integrity" "sha512-6RXU9Xzpc6vxNrS6FPPapN1SxSHgQ336WC6Jj/N8q30OiaBZ00l1GBgeP7usjVZPivSkGUfL1z/WW6TX989M+w=="
  "resolved" "https://registry.npmjs.org/@types/jquery/-/jquery-3.5.5.tgz"
  "version" "3.5.5"
  dependencies:
    "@types/sizzle" "*"

"@types/sizzle@*":
  "integrity" "sha512-7EJYyKTL7tFR8+gDbB6Wwz/arpGa0Mywk1TJbNzKzHtzbwVmY4HR9WqS5VV7dsBUKQmPNr192jHr/VpBluj/hg=="
  "resolved" "https://registry.npmjs.org/@types/sizzle/-/sizzle-2.3.2.tgz"
  "version" "2.3.2"

"bootstrap@^5.0.0-beta1":
  "integrity" "sha512-UrHApw/WRmT7l2rlDdn5iXr7Jps/LlMZtJlLn9G41aGDfss48hyDeYyHtX1C6NHKVcmdUarGG+ve0LZB5iHyTQ=="
  "resolved" "https://registry.npmjs.org/bootstrap/-/bootstrap-5.0.0-beta1.tgz"
  "version" "5.0.0-beta1"

"jquery@^3.5.1":
  "integrity" "sha512-XwIBPqcMn57FxfT+Go5pzySnm4KWkT1Tv7gjrpT1srtf8Weynl6R273VJ5GjkRb51IzMp5nbaPjJXMWeju2MKg=="
  "resolved" "https://registry.npmjs.org/jquery/-/jquery-3.5.1.tgz"
  "version" "3.5.1"
